
Microsoft Visual Studio Solution File, Format Version 12.00
# Visual Studio Version 16
VisualStudioVersion = 16.0.30114.105
MinimumVisualStudioVersion = 10.0.40219.1
Project("{2150E333-8FDC-42A3-9474-1A3956D46DE8}") = "src", "src", "{E7FC2390-6E69-474A-B43D-C5D168294F71}"
EndProject
Project("{FAE04EC0-301F-11D3-BF4B-00C04F79EFBC}") = "v2ex", "src\V2ex\V2ex.csproj", "{06CA6B63-6641-427C-8153-E7BCF3299028}"
EndProject
Global
	GlobalSection(SolutionConfigurationPlatforms) = preSolution
		Debug|Any CPU = Debug|Any CPU
		Release|Any CPU = Release|Any CPU
	EndGlobalSection
	GlobalSection(SolutionProperties) = preSolution
		HideSolutionNode = FALSE
	EndGlobalSection
	GlobalSection(ProjectConfigurationPlatforms) = postSolution
		{06CA6B63-6641-427C-8153-E7BCF3299028}.Debug|Any CPU.ActiveCfg = Debug|Any CPU
		{06CA6B63-6641-427C-8153-E7BCF3299028}.Debug|Any CPU.Build.0 = Debug|Any CPU
		{06CA6B63-6641-427C-8153-E7BCF3299028}.Release|Any CPU.ActiveCfg = Release|Any CPU
		{06CA6B63-6641-427C-8153-E7BCF3299028}.Release|Any CPU.Build.0 = Release|Any CPU
	EndGlobalSection
	GlobalSection(NestedProjects) = preSolution
		{06CA6B63-6641-427C-8153-E7BCF3299028} = {E7FC2390-6E69-474A-B43D-C5D168294F71}
	EndGlobalSection
EndGlobal
